
Microsoft Visual Studio Solution File, Format Version 12.00
# Visual Studio 2013
VisualStudioVersion = 12.0.31101.0
MinimumVisualStudioVersion = 10.0.40219.1
Project("{FAE04EC0-301F-11D3-BF4B-00C04F79EFBC}") = "DIY_Propter", "DIY-Propter\DIY_Propter.csproj", "{15E1F51B-5354-4364-AAC1-77E87B2EA545}"
EndProject
Project("{FAE04EC0-301F-11D3-BF4B-00C04F79EFBC}") = "DIY_Propter.Tests", "DIY_Propter.Tests\DIY_Propter.Tests.csproj", "{FC8B7A72-BC65-42EC-8EAD-626EA4349AAA}"
EndProject
Global
	GlobalSection(SolutionConfigurationPlatforms) = preSolution
		Debug|Any CPU = Debug|Any CPU
		Release|Any CPU = Release|Any CPU
	EndGlobalSection
	GlobalSection(ProjectConfigurationPlatforms) = postSolution
		{15E1F51B-5354-4364-AAC1-77E87B2EA545}.Debug|Any CPU.ActiveCfg = Debug|Any CPU
		{15E1F51B-5354-4364-AAC1-77E87B2EA545}.Debug|Any CPU.Build.0 = Debug|Any CPU
		{15E1F51B-5354-4364-AAC1-77E87B2EA545}.Release|Any CPU.ActiveCfg = Release|Any CPU
		{15E1F51B-5354-4364-AAC1-77E87B2EA545}.Release|Any CPU.Build.0 = Release|Any CPU
		{FC8B7A72-BC65-42EC-8EAD-626EA4349AAA}.Debug|Any CPU.ActiveCfg = Debug|Any CPU
		{FC8B7A72-BC65-42EC-8EAD-626EA4349AAA}.Debug|Any CPU.Build.0 = Debug|Any CPU
		{FC8B7A72-BC65-42EC-8EAD-626EA4349AAA}.Release|Any CPU.ActiveCfg = Release|Any CPU
		{FC8B7A72-BC65-42EC-8EAD-626EA4349AAA}.Release|Any CPU.Build.0 = Release|Any CPU
	EndGlobalSection
	GlobalSection(SolutionProperties) = preSolution
		HideSolutionNode = FALSE
	EndGlobalSection
EndGlobal
